
Microsoft Visual Studio Solution File, Format Version 12.00
# Visual Studio Version 17
VisualStudioVersion = 17.9.34714.143
MinimumVisualStudioVersion = 10.0.40219.1
Project("{FAE04EC0-301F-11D3-BF4B-00C04F79EFBC}") = "Shared", "Shared\Shared.csproj", "{D7388F64-5946-4C07-809E-E339BE2ABB85}"
EndProject
Project("{FAE04EC0-301F-11D3-BF4B-00C04F79EFBC}") = "Consumer", "Consumer\Consumer.csproj", "{12E6EE7D-10B9-4FB2-B0B9-8099EB131ACA}"
EndProject
Project("{FAE04EC0-301F-11D3-BF4B-00C04F79EFBC}") = "Publisher", "Publisher\Publisher.csproj", "{81C74F05-72BC-4AE3-A748-AA493126FA86}"
EndProject
Global
	GlobalSection(SolutionConfigurationPlatforms) = preSolution
		Debug|Any CPU = Debug|Any CPU
		Release|Any CPU = Release|Any CPU
	EndGlobalSection
	GlobalSection(ProjectConfigurationPlatforms) = postSolution
		{D7388F64-5946-4C07-809E-E339BE2ABB85}.Debug|Any CPU.ActiveCfg = Debug|Any CPU
		{D7388F64-5946-4C07-809E-E339BE2ABB85}.Debug|Any CPU.Build.0 = Debug|Any CPU
		{D7388F64-5946-4C07-809E-E339BE2ABB85}.Release|Any CPU.ActiveCfg = Release|Any CPU
		{D7388F64-5946-4C07-809E-E339BE2ABB85}.Release|Any CPU.Build.0 = Release|Any CPU
		{12E6EE7D-10B9-4FB2-B0B9-8099EB131ACA}.Debug|Any CPU.ActiveCfg = Debug|Any CPU
		{12E6EE7D-10B9-4FB2-B0B9-8099EB131ACA}.Debug|Any CPU.Build.0 = Debug|Any CPU
		{12E6EE7D-10B9-4FB2-B0B9-8099EB131ACA}.Release|Any CPU.ActiveCfg = Release|Any CPU
		{12E6EE7D-10B9-4FB2-B0B9-8099EB131ACA}.Release|Any CPU.Build.0 = Release|Any CPU
		{81C74F05-72BC-4AE3-A748-AA493126FA86}.Debug|Any CPU.ActiveCfg = Debug|Any CPU
		{81C74F05-72BC-4AE3-A748-AA493126FA86}.Debug|Any CPU.Build.0 = Debug|Any CPU
		{81C74F05-72BC-4AE3-A748-AA493126FA86}.Release|Any CPU.ActiveCfg = Release|Any CPU
		{81C74F05-72BC-4AE3-A748-AA493126FA86}.Release|Any CPU.Build.0 = Release|Any CPU
	EndGlobalSection
	GlobalSection(SolutionProperties) = preSolution
		HideSolutionNode = FALSE
	EndGlobalSection
	GlobalSection(ExtensibilityGlobals) = postSolution
		SolutionGuid = {75063FED-2F51-4538-8412-BE0FCB25B339}
	EndGlobalSection
EndGlobal
