
Microsoft Visual Studio Solution File, Format Version 12.00
# Visual Studio Version 17
VisualStudioVersion = 17.8.34525.116
MinimumVisualStudioVersion = 10.0.40219.1
Project("{FAE04EC0-301F-11D3-BF4B-00C04F79EFBC}") = "Publisher", "Publisher\Publisher.csproj", "{DB446773-6F2E-4C26-997E-DF8C7DFE51A6}"
EndProject
Project("{FAE04EC0-301F-11D3-BF4B-00C04F79EFBC}") = "Consumer", "Consumer\Consumer.csproj", "{CE452980-4504-48E4-B26A-779FD3B69054}"
EndProject
Global
	GlobalSection(SolutionConfigurationPlatforms) = preSolution
		Debug|Any CPU = Debug|Any CPU
		Release|Any CPU = Release|Any CPU
	EndGlobalSection
	GlobalSection(ProjectConfigurationPlatforms) = postSolution
		{DB446773-6F2E-4C26-997E-DF8C7DFE51A6}.Debug|Any CPU.ActiveCfg = Debug|Any CPU
		{DB446773-6F2E-4C26-997E-DF8C7DFE51A6}.Debug|Any CPU.Build.0 = Debug|Any CPU
		{DB446773-6F2E-4C26-997E-DF8C7DFE51A6}.Release|Any CPU.ActiveCfg = Release|Any CPU
		{DB446773-6F2E-4C26-997E-DF8C7DFE51A6}.Release|Any CPU.Build.0 = Release|Any CPU
		{CE452980-4504-48E4-B26A-779FD3B69054}.Debug|Any CPU.ActiveCfg = Debug|Any CPU
		{CE452980-4504-48E4-B26A-779FD3B69054}.Debug|Any CPU.Build.0 = Debug|Any CPU
		{CE452980-4504-48E4-B26A-779FD3B69054}.Release|Any CPU.ActiveCfg = Release|Any CPU
		{CE452980-4504-48E4-B26A-779FD3B69054}.Release|Any CPU.Build.0 = Release|Any CPU
	EndGlobalSection
	GlobalSection(SolutionProperties) = preSolution
		HideSolutionNode = FALSE
	EndGlobalSection
	GlobalSection(ExtensibilityGlobals) = postSolution
		SolutionGuid = {E29A4612-3E5C-4306-A4CD-19479CA1482B}
	EndGlobalSection
EndGlobal
